
Microsoft Visual Studio Solution File, Format Version 12.00
# Visual Studio 16
Project("{FAE04EC0-301F-11D3-BF4B-00C04F79EFBC}") = "UniRx", "UniRx.csproj", "{99A15A85-FC6B-C605-77E1-59B5D71217B4}"
EndProject
Project("{FAE04EC0-301F-11D3-BF4B-00C04F79EFBC}") = "SUHS", "SUHS.csproj", "{45613086-9018-4F35-1392-3F76E963571C}"
EndProject
Project("{FAE04EC0-301F-11D3-BF4B-00C04F79EFBC}") = "RX_EXT", "RX_EXT.csproj", "{873634B6-FD8E-E77B-A0CE-8B2EB911CF15}"
EndProject
Project("{FAE04EC0-301F-11D3-BF4B-00C04F79EFBC}") = "UniTask", "UniTask.csproj", "{958D61DC-BBA8-6675-FDAF-938A7B284848}"
EndProject
Project("{FAE04EC0-301F-11D3-BF4B-00C04F79EFBC}") = "RX_UI", "RX_UI.csproj", "{7A5566CF-69C4-9A91-6BAF-83F170B15F10}"
EndProject
Project("{FAE04EC0-301F-11D3-BF4B-00C04F79EFBC}") = "UniRx.Examples", "UniRx.Examples.csproj", "{89EEE898-4D64-048B-DE01-AE543BD2900E}"
EndProject
Project("{FAE04EC0-301F-11D3-BF4B-00C04F79EFBC}") = "Assembly-CSharp-Editor-firstpass", "Assembly-CSharp-Editor-firstpass.csproj", "{9738B382-DFEB-51DA-EDDD-EB5AAD19BFE7}"
EndProject
Global
	GlobalSection(SolutionConfigurationPlatforms) = preSolution
		Debug|Any CPU = Debug|Any CPU
		Release|Any CPU = Release|Any CPU
	EndGlobalSection
	GlobalSection(ProjectConfigurationPlatforms) = postSolution
		{99A15A85-FC6B-C605-77E1-59B5D71217B4}.Debug|Any CPU.ActiveCfg = Debug|Any CPU
		{99A15A85-FC6B-C605-77E1-59B5D71217B4}.Debug|Any CPU.Build.0 = Debug|Any CPU
		{99A15A85-FC6B-C605-77E1-59B5D71217B4}.Release|Any CPU.ActiveCfg = Release|Any CPU
		{99A15A85-FC6B-C605-77E1-59B5D71217B4}.Release|Any CPU.Build.0 = Release|Any CPU
		{45613086-9018-4F35-1392-3F76E963571C}.Debug|Any CPU.ActiveCfg = Debug|Any CPU
		{45613086-9018-4F35-1392-3F76E963571C}.Debug|Any CPU.Build.0 = Debug|Any CPU
		{45613086-9018-4F35-1392-3F76E963571C}.Release|Any CPU.ActiveCfg = Release|Any CPU
		{45613086-9018-4F35-1392-3F76E963571C}.Release|Any CPU.Build.0 = Release|Any CPU
		{873634B6-FD8E-E77B-A0CE-8B2EB911CF15}.Debug|Any CPU.ActiveCfg = Debug|Any CPU
		{873634B6-FD8E-E77B-A0CE-8B2EB911CF15}.Debug|Any CPU.Build.0 = Debug|Any CPU
		{873634B6-FD8E-E77B-A0CE-8B2EB911CF15}.Release|Any CPU.ActiveCfg = Release|Any CPU
		{873634B6-FD8E-E77B-A0CE-8B2EB911CF15}.Release|Any CPU.Build.0 = Release|Any CPU
		{958D61DC-BBA8-6675-FDAF-938A7B284848}.Debug|Any CPU.ActiveCfg = Debug|Any CPU
		{958D61DC-BBA8-6675-FDAF-938A7B284848}.Debug|Any CPU.Build.0 = Debug|Any CPU
		{958D61DC-BBA8-6675-FDAF-938A7B284848}.Release|Any CPU.ActiveCfg = Release|Any CPU
		{958D61DC-BBA8-6675-FDAF-938A7B284848}.Release|Any CPU.Build.0 = Release|Any CPU
		{7A5566CF-69C4-9A91-6BAF-83F170B15F10}.Debug|Any CPU.ActiveCfg = Debug|Any CPU
		{7A5566CF-69C4-9A91-6BAF-83F170B15F10}.Debug|Any CPU.Build.0 = Debug|Any CPU
		{7A5566CF-69C4-9A91-6BAF-83F170B15F10}.Release|Any CPU.ActiveCfg = Release|Any CPU
		{7A5566CF-69C4-9A91-6BAF-83F170B15F10}.Release|Any CPU.Build.0 = Release|Any CPU
		{89EEE898-4D64-048B-DE01-AE543BD2900E}.Debug|Any CPU.ActiveCfg = Debug|Any CPU
		{89EEE898-4D64-048B-DE01-AE543BD2900E}.Debug|Any CPU.Build.0 = Debug|Any CPU
		{89EEE898-4D64-048B-DE01-AE543BD2900E}.Release|Any CPU.ActiveCfg = Release|Any CPU
		{89EEE898-4D64-048B-DE01-AE543BD2900E}.Release|Any CPU.Build.0 = Release|Any CPU
		{9738B382-DFEB-51DA-EDDD-EB5AAD19BFE7}.Debug|Any CPU.ActiveCfg = Debug|Any CPU
		{9738B382-DFEB-51DA-EDDD-EB5AAD19BFE7}.Debug|Any CPU.Build.0 = Debug|Any CPU
		{9738B382-DFEB-51DA-EDDD-EB5AAD19BFE7}.Release|Any CPU.ActiveCfg = Release|Any CPU
		{9738B382-DFEB-51DA-EDDD-EB5AAD19BFE7}.Release|Any CPU.Build.0 = Release|Any CPU
	EndGlobalSection
	GlobalSection(SolutionProperties) = preSolution
		HideSolutionNode = FALSE
	EndGlobalSection
EndGlobal
